
Microsoft Visual Studio Solution File, Format Version 12.00
# Visual Studio Version 17
VisualStudioVersion = 17.4.33213.308
MinimumVisualStudioVersion = 10.0.40219.1
Project("{9A19103F-16F7-4668-BE54-9A1E7A4F7556}") = "Singleton", "Singleton\Singleton.csproj", "{ADE05FA9-900E-4AAC-B0B1-3E157F6EE34E}"
EndProject
Project("{2150E333-8FDC-42A3-9474-1A3956D46DE8}") = "Creational Design Patterns", "Creational Design Patterns", "{DE72B70D-F9D3-4A65-90E1-B3CB24162D02}"
EndProject
Project("{9A19103F-16F7-4668-BE54-9A1E7A4F7556}") = "FactoryMethod", "FactoryMethod\FactoryMethod.csproj", "{46F91367-FA03-44D2-8F2A-9AE6F8F3A535}"
EndProject
Project("{9A19103F-16F7-4668-BE54-9A1E7A4F7556}") = "Abstract Factory", "Abstract Factory\Abstract Factory.csproj", "{B4F9BAF2-25AA-43B2-BC6F-3E9F44D2A91E}"
EndProject
Project("{FAE04EC0-301F-11D3-BF4B-00C04F79EFBC}") = "Builder", "Builder\Builder.csproj", "{E0AFA0B7-EB79-4FDB-8548-C344E21A8809}"
EndProject
Global
	GlobalSection(SolutionConfigurationPlatforms) = preSolution
		Debug|Any CPU = Debug|Any CPU
		Release|Any CPU = Release|Any CPU
	EndGlobalSection
	GlobalSection(ProjectConfigurationPlatforms) = postSolution
		{ADE05FA9-900E-4AAC-B0B1-3E157F6EE34E}.Debug|Any CPU.ActiveCfg = Debug|Any CPU
		{ADE05FA9-900E-4AAC-B0B1-3E157F6EE34E}.Debug|Any CPU.Build.0 = Debug|Any CPU
		{ADE05FA9-900E-4AAC-B0B1-3E157F6EE34E}.Release|Any CPU.ActiveCfg = Release|Any CPU
		{ADE05FA9-900E-4AAC-B0B1-3E157F6EE34E}.Release|Any CPU.Build.0 = Release|Any CPU
		{46F91367-FA03-44D2-8F2A-9AE6F8F3A535}.Debug|Any CPU.ActiveCfg = Debug|Any CPU
		{46F91367-FA03-44D2-8F2A-9AE6F8F3A535}.Debug|Any CPU.Build.0 = Debug|Any CPU
		{46F91367-FA03-44D2-8F2A-9AE6F8F3A535}.Release|Any CPU.ActiveCfg = Release|Any CPU
		{46F91367-FA03-44D2-8F2A-9AE6F8F3A535}.Release|Any CPU.Build.0 = Release|Any CPU
		{B4F9BAF2-25AA-43B2-BC6F-3E9F44D2A91E}.Debug|Any CPU.ActiveCfg = Debug|Any CPU
		{B4F9BAF2-25AA-43B2-BC6F-3E9F44D2A91E}.Debug|Any CPU.Build.0 = Debug|Any CPU
		{B4F9BAF2-25AA-43B2-BC6F-3E9F44D2A91E}.Release|Any CPU.ActiveCfg = Release|Any CPU
		{B4F9BAF2-25AA-43B2-BC6F-3E9F44D2A91E}.Release|Any CPU.Build.0 = Release|Any CPU
		{E0AFA0B7-EB79-4FDB-8548-C344E21A8809}.Debug|Any CPU.ActiveCfg = Debug|Any CPU
		{E0AFA0B7-EB79-4FDB-8548-C344E21A8809}.Debug|Any CPU.Build.0 = Debug|Any CPU
		{E0AFA0B7-EB79-4FDB-8548-C344E21A8809}.Release|Any CPU.ActiveCfg = Release|Any CPU
		{E0AFA0B7-EB79-4FDB-8548-C344E21A8809}.Release|Any CPU.Build.0 = Release|Any CPU
	EndGlobalSection
	GlobalSection(SolutionProperties) = preSolution
		HideSolutionNode = FALSE
	EndGlobalSection
	GlobalSection(NestedProjects) = preSolution
		{ADE05FA9-900E-4AAC-B0B1-3E157F6EE34E} = {DE72B70D-F9D3-4A65-90E1-B3CB24162D02}
		{46F91367-FA03-44D2-8F2A-9AE6F8F3A535} = {DE72B70D-F9D3-4A65-90E1-B3CB24162D02}
		{B4F9BAF2-25AA-43B2-BC6F-3E9F44D2A91E} = {DE72B70D-F9D3-4A65-90E1-B3CB24162D02}
		{E0AFA0B7-EB79-4FDB-8548-C344E21A8809} = {DE72B70D-F9D3-4A65-90E1-B3CB24162D02}
	EndGlobalSection
	GlobalSection(ExtensibilityGlobals) = postSolution
		SolutionGuid = {9E1AD144-DC48-459E-BFFC-57CB1F004F9F}
	EndGlobalSection
EndGlobal
